// !$*UTF8*$!
{
	archiveVersion = 1;
	classes = {
	};
	objectVersion = 50;
	objects = {

/* Begin PBXBuildFile section */
		D519079A244BFC290054B8AD /* AppDelegate.swift in Sources */ = {isa = PBXBuildFile; fileRef = D5190799244BFC290054B8AD /* AppDelegate.swift */; };
		D519079C244BFC290054B8AD /* SceneDelegate.swift in Sources */ = {isa = PBXBuildFile; fileRef = D519079B244BFC290054B8AD /* SceneDelegate.swift */; };
		D519079E244BFC290054B8AD /* ViewController.swift in Sources */ = {isa = PBXBuildFile; fileRef = D519079D244BFC290054B8AD /* ViewController.swift */; };
		D51907A1244BFC290054B8AD /* Main.storyboard in Resources */ = {isa = PBXBuildFile; fileRef = D519079F244BFC290054B8AD /* Main.storyboard */; };
		D51907A3244BFC2E0054B8AD /* Assets.xcassets in Resources */ = {isa = PBXBuildFile; fileRef = D51907A2244BFC2E0054B8AD /* Assets.xcassets */; };
		D51907A6244BFC2E0054B8AD /* LaunchScreen.storyboard in Resources */ = {isa = PBXBuildFile; fileRef = D51907A4244BFC2E0054B8AD /* LaunchScreen.storyboard */; };
		D51907B0244BFC9A0054B8AD /* ContainerViewController.swift in Sources */ = {isa = PBXBuildFile; fileRef = D51907AF244BFC9A0054B8AD /* ContainerViewController.swift */; };
/* End PBXBuildFile section */

/* Begin PBXFileReference section */
		D5190796244BFC290054B8AD /* ExampleContainerView.app */ = {isa = PBXFileReference; explicitFileType = wrapper.application; includeInIndex = 0; path = ExampleContainerView.app; sourceTree = BUILT_PRODUCTS_DIR; };
		D5190799244BFC290054B8AD /* AppDelegate.swift */ = {isa = PBXFileReference; lastKnownFileType = sourcecode.swift; path = AppDelegate.swift; sourceTree = "<group>"; };
		D519079B244BFC290054B8AD /* SceneDelegate.swift */ = {isa = PBXFileReference; lastKnownFileType = sourcecode.swift; path = SceneDelegate.swift; sourceTree = "<group>"; };
		D519079D244BFC290054B8AD /* ViewController.swift */ = {isa = PBXFileReference; lastKnownFileType = sourcecode.swift; path = ViewController.swift; sourceTree = "<group>"; };
		D51907A0244BFC290054B8AD /* Base */ = {isa = PBXFileReference; lastKnownFileType = file.storyboard; name = Base; path = Base.lproj/Main.storyboard; sourceTree = "<group>"; };
		D51907A2244BFC2E0054B8AD /* Assets.xcassets */ = {isa = PBXFileReference; lastKnownFileType = folder.assetcatalog; path = Assets.xcassets; sourceTree = "<group>"; };
		D51907A5244BFC2E0054B8AD /* Base */ = {isa = PBXFileReference; lastKnownFileType = file.storyboard; name = Base; path = Base.lproj/LaunchScreen.storyboard; sourceTree = "<group>"; };
		D51907A7244BFC2E0054B8AD /* Info.plist */ = {isa = PBXFileReference; lastKnownFileType = text.plist.xml; path = Info.plist; sourceTree = "<group>"; };
		D51907AF244BFC9A0054B8AD /* ContainerViewController.swift */ = {isa = PBXFileReference; lastKnownFileType = sourcecode.swift; path = ContainerViewController.swift; sourceTree = "<group>"; };
/* End PBXFileReference section */

/* Begin PBXFrameworksBuildPhase section */
		D5190793244BFC290054B8AD /* Frameworks */ = {
			isa = PBXFrameworksBuildPhase;
			buildActionMask = 2147483647;
			files = (
			);
			runOnlyForDeploymentPostprocessing = 0;
		};
/* End PBXFrameworksBuildPhase section */

/* Begin PBXGroup section */
		D519078D244BFC290054B8AD = {
			isa = PBXGroup;
			children = (
				D5190798244BFC290054B8AD /* ExampleContainerView */,
				D5190797244BFC290054B8AD /* Products */,
			);
			sourceTree = "<group>";
		};
		D5190797244BFC290054B8AD /* Products */ = {
			isa = PBXGroup;
			children = (
				D5190796244BFC290054B8AD /* ExampleContainerView.app */,
			);
			name = Products;
			sourceTree = "<group>";
		};
		D5190798244BFC290054B8AD /* ExampleContainerView */ = {
			isa = PBXGroup;
			children = (
				D5190799244BFC290054B8AD /* AppDelegate.swift */,
				D519079B244BFC290054B8AD /* SceneDelegate.swift */,
				D519079D244BFC290054B8AD /* ViewController.swift */,
				D51907AF244BFC9A0054B8AD /* ContainerViewController.swift */,
				D519079F244BFC290054B8AD /* Main.storyboard */,
				D51907A2244BFC2E0054B8AD /* Assets.xcassets */,
				D51907A4244BFC2E0054B8AD /* LaunchScreen.storyboard */,
				D51907A7244BFC2E0054B8AD /* Info.plist */,
			);
			path = ExampleContainerView;
			sourceTree = "<group>";
		};
/* End PBXGroup section */

/* Begin PBXNativeTarget section */
		D5190795244BFC290054B8AD /* ExampleContainerView */ = {
			isa = PBXNativeTarget;
			buildConfigurationList = D51907AA244BFC2E0054B8AD /* Build configuration list for PBXNativeTarget "ExampleContainerView" */;
			buildPhases = (
				D5190792244BFC290054B8AD /* Sources */,
				D5190793244BFC290054B8AD /* Frameworks */,
				D5190794244BFC290054B8AD /* Resources */,
			);
			buildRules = (
			);
			dependencies = (
			);
			name = ExampleContainerView;
			productName = ExampleContainerView;
			productReference = D5190796244BFC290054B8AD /* ExampleContainerView.app */;
			productType = "com.apple.product-type.application";
		};
/* End PBXNativeTarget section */

/* Begin PBXProject section */
		D519078E244BFC290054B8AD /* Project object */ = {
			isa = PBXProject;
			attributes = {
				LastSwiftUpdateCheck = 1130;
				LastUpgradeCheck = 1130;
				ORGANIZATIONNAME = aiwiguna;
				TargetAttributes = {
					D5190795244BFC290054B8AD = {
						CreatedOnToolsVersion = 11.3.1;
					};
				};
			};
			buildConfigurationList = D5190791244BFC290054B8AD /* Build configuration list for PBXProject "ExampleContainerView" */;
			compatibilityVersion = "Xcode 9.3";
			developmentRegion = en;
			hasScannedForEncodings = 0;
			knownRegions = (
				en,
				Base,
			);
			mainGroup = D519078D244BFC290054B8AD;
			productRefGroup = D5190797244BFC290054B8AD /* Products */;
			projectDirPath = "";
			projectRoot = "";
			targets = (
				D5190795244BFC290054B8AD /* ExampleContainerView */,
			);
		};
/* End PBXProject section */

/* Begin PBXResourcesBuildPhase section */
		D5190794244BFC290054B8AD /* Resources */ = {
			isa = PBXResourcesBuildPhase;
			buildActionMask = 2147483647;
			files = (
				D51907A6244BFC2E0054B8AD /* LaunchScreen.storyboard in Resources */,
				D51907A3244BFC2E0054B8AD /* Assets.xcassets in Resources */,
				D51907A1244BFC290054B8AD /* Main.storyboard in Resources */,
			);
			runOnlyForDeploymentPostprocessing = 0;
		};
/* End PBXResourcesBuildPhase section */

/* Begin PBXSourcesBuildPhase section */
		D5190792244BFC290054B8AD /* Sources */ = {
			isa = PBXSourcesBuildPhase;
			buildActionMask = 2147483647;
			files = (
				D519079E244BFC290054B8AD /* ViewController.swift in Sources */,
				D519079A244BFC290054B8AD /* AppDelegate.swift in Sources */,
				D51907B0244BFC9A0054B8AD /* ContainerViewController.swift in Sources */,
				D519079C244BFC290054B8AD /* SceneDelegate.swift in Sources */,
			);
			runOnlyForDeploymentPostprocessing = 0;
		};
/* End PBXSourcesBuildPhase section */

/* Begin PBXVariantGroup section */
		D519079F244BFC290054B8AD /* Main.storyboard */ = {
			isa = PBXVariantGroup;
			children = (
				D51907A0244BFC290054B8AD /* Base */,
			);
			name = Main.storyboard;
			sourceTree = "<group>";
		};
		D51907A4244BFC2E0054B8AD /* LaunchScreen.storyboard */ = {
			isa = PBXVariantGroup;
			children = (
				D51907A5244BFC2E0054B8AD /* Base */,
			);
			name = LaunchScreen.storyboard;
			sourceTree = "<group>";
		};
/* End PBXVariantGroup section */

/* Begin XCBuildConfiguration section */
		D51907A8244BFC2E0054B8AD /* Debug */ = {
			isa = XCBuildConfiguration;
			buildSettings = {
				ALWAYS_SEARCH_USER_PATHS = NO;
				CLANG_ANALYZER_NONNULL = YES;
				CLANG_ANALYZER_NUMBER_OBJECT_CONVERSION = YES_AGGRESSIVE;
				CLANG_CXX_LANGUAGE_STANDARD = "gnu++14";
				CLANG_CXX_LIBRARY = "libc++";
				CLANG_ENABLE_MODULES = YES;
				CLANG_ENABLE_OBJC_ARC = YES;
				CLANG_ENABLE_OBJC_WEAK = YES;
				CLANG_WARN_BLOCK_CAPTURE_AUTORELEASING = YES;
				CLANG_WARN_BOOL_CONVERSION = YES;
				CLANG_WARN_COMMA = YES;
				CLANG_WARN_CONSTANT_CONVERSION = YES;
				CLANG_WARN_DEPRECATED_OBJC_IMPLEMENTATIONS = YES;
				CLANG_WARN_DIRECT_OBJC_ISA_USAGE = YES_ERROR;
				CLANG_WARN_DOCUMENTATION_COMMENTS = YES;
				CLANG_WARN_EMPTY_BODY = YES;
				CLANG_WARN_ENUM_CONVERSION = YES;
				CLANG_WARN_INFINITE_RECURSION = YES;
				CLANG_WARN_INT_CONVERSION = YES;
				CLANG_WARN_NON_LITERAL_NULL_CONVERSION = YES;
				CLANG_WARN_OBJC_IMPLICIT_RETAIN_SELF = YES;
				CLANG_WARN_OBJC_LITERAL_CONVERSION = YES;
				CLANG_WARN_OBJC_ROOT_CLASS = YES_ERROR;
				CLANG_WARN_RANGE_LOOP_ANALYSIS = YES;
				CLANG_WARN_STRICT_PROTOTYPES = YES;
				CLANG_WARN_SUSPICIOUS_MOVE = YES;
				CLANG_WARN_UNGUARDED_AVAILABILITY = YES_AGGRESSIVE;
				CLANG_WARN_UNREACHABLE_CODE = YES;
				CLANG_WARN__DUPLICATE_METHOD_MATCH = YES;
				COPY_PHASE_STRIP = NO;
				DEBUG_INFORMATION_FORMAT = dwarf;
				ENABLE_STRICT_OBJC_MSGSEND = YES;
				ENABLE_TESTABILITY = YES;
				GCC_C_LANGUAGE_STANDARD = gnu11;
				GCC_DYNAMIC_NO_PIC = NO;
				GCC_NO_COMMON_BLOCKS = YES;
				GCC_OPTIMIZATION_LEVEL = 0;
				GCC_PREPROCESSOR_DEFINITIONS = (
					"DEBUG=1",
					"$(inherited)",
				);
				GCC_WARN_64_TO_32_BIT_CONVERSION = YES;
				GCC_WARN_ABOUT_RETURN_TYPE = YES_ERROR;
				GCC_WARN_UNDECLARED_SELECTOR = YES;
				GCC_WARN_UNINITIALIZED_AUTOS = YES_AGGRESSIVE;
				GCC_WARN_UNUSED_FUNCTION = YES;
				GCC_WARN_UNUSED_VARIABLE = YES;
				IPHONEOS_DEPLOYMENT_TARGET = 13.2;
				MTL_ENABLE_DEBUG_INFO = INCLUDE_SOURCE;
				MTL_FAST_MATH = YES;
				ONLY_ACTIVE_ARCH = YES;
				SDKROOT = iphoneos;
				SWIFT_ACTIVE_COMPILATION_CONDITIONS = DEBUG;
				SWIFT_OPTIMIZATION_LEVEL = "-Onone";
			};
			name = Debug;
		};
		D51907A9244BFC2E0054B8AD /* Release */ = {
			isa = XCBuildConfiguration;
			buildSettings = {
				ALWAYS_SEARCH_USER_PATHS = NO;
				CLANG_ANALYZER_NONNULL = YES;
				CLANG_ANALYZER_NUMBER_OBJECT_CONVERSION = YES_AGGRESSIVE;
				CLANG_CXX_LANGUAGE_STANDARD = "gnu++14";
				CLANG_CXX_LIBRARY = "libc++";
				CLANG_ENABLE_MODULES = YES;
				CLANG_ENABLE_OBJC_ARC = YES;
				CLANG_ENABLE_OBJC_WEAK = YES;
				CLANG_WARN_BLOCK_CAPTURE_AUTORELEASING = YES;
				CLANG_WARN_BOOL_CONVERSION = YES;
				CLANG_WARN_COMMA = YES;
				CLANG_WARN_CONSTANT_CONVERSION = YES;
				CLANG_WARN_DEPRECATED_OBJC_IMPLEMENTATIONS = YES;
				CLANG_WARN_DIRECT_OBJC_ISA_USAGE = YES_ERROR;
				CLANG_WARN_DOCUMENTATION_COMMENTS = YES;
				CLANG_WARN_EMPTY_BODY = YES;
				CLANG_WARN_ENUM_CONVERSION = YES;
				CLANG_WARN_INFINITE_RECURSION = YES;
				CLANG_WARN_INT_CONVERSION = YES;
				CLANG_WARN_NON_LITERAL_NULL_CONVERSION = YES;
				CLANG_WARN_OBJC_IMPLICIT_RETAIN_SELF = YES;
				CLANG_WARN_OBJC_LITERAL_CONVERSION = YES;
				CLANG_WARN_OBJC_ROOT_CLASS = YES_ERROR;
				CLANG_WARN_RANGE_LOOP_ANALYSIS = YES;
				CLANG_WARN_STRICT_PROTOTYPES = YES;
				CLANG_WARN_SUSPICIOUS_MOVE = YES;
				CLANG_WARN_UNGUARDED_AVAILABILITY = YES_AGGRESSIVE;
				CLANG_WARN_UNREACHABLE_CODE = YES;
				CLANG_WARN__DUPLICATE_METHOD_MATCH = YES;
				COPY_PHASE_STRIP = NO;
				DEBUG_INFORMATION_FORMAT = "dwarf-with-dsym";
				ENABLE_NS_ASSERTIONS = NO;
				ENABLE_STRICT_OBJC_MSGSEND = YES;
				GCC_C_LANGUAGE_STANDARD = gnu11;
				GCC_NO_COMMON_BLOCKS = YES;
				GCC_WARN_64_TO_32_BIT_CONVERSION = YES;
				GCC_WARN_ABOUT_RETURN_TYPE = YES_ERROR;
				GCC_WARN_UNDECLARED_SELECTOR = YES;
				GCC_WARN_UNINITIALIZED_AUTOS = YES_AGGRESSIVE;
				GCC_WARN_UNUSED_FUNCTION = YES;
				GCC_WARN_UNUSED_VARIABLE = YES;
				IPHONEOS_DEPLOYMENT_TARGET = 13.2;
				MTL_ENABLE_DEBUG_INFO = NO;
				MTL_FAST_MATH = YES;
				SDKROOT = iphoneos;
				SWIFT_COMPILATION_MODE = wholemodule;
				SWIFT_OPTIMIZATION_LEVEL = "-O";
				VALIDATE_PRODUCT = YES;
			};
			name = Release;
		};
		D51907AB244BFC2E0054B8AD /* Debug */ = {
			isa = XCBuildConfiguration;
			buildSettings = {
				ASSETCATALOG_COMPILER_APPICON_NAME = AppIcon;
				CODE_SIGN_STYLE = Automatic;
				INFOPLIST_FILE = ExampleContainerView/Info.plist;
				LD_RUNPATH_SEARCH_PATHS = (
					"$(inherited)",
					"@executable_path/Frameworks",
				);
				PRODUCT_BUNDLE_IDENTIFIER = com.aiwiguna.ExampleContainerView;
				PRODUCT_NAME = "$(TARGET_NAME)";
				SWIFT_VERSION = 5.0;
				TARGETED_DEVICE_FAMILY = "1,2";
			};
			name = Debug;
		};
		D51907AC244BFC2E0054B8AD /* Release */ = {
			isa = XCBuildConfiguration;
			buildSettings = {
				ASSETCATALOG_COMPILER_APPICON_NAME = AppIcon;
				CODE_SIGN_STYLE = Automatic;
				INFOPLIST_FILE = ExampleContainerView/Info.plist;
				LD_RUNPATH_SEARCH_PATHS = (
					"$(inherited)",
					"@executable_path/Frameworks",
				);
				PRODUCT_BUNDLE_IDENTIFIER = com.aiwiguna.ExampleContainerView;
				PRODUCT_NAME = "$(TARGET_NAME)";
				SWIFT_VERSION = 5.0;
				TARGETED_DEVICE_FAMILY = "1,2";
			};
			name = Release;
		};
/* End XCBuildConfiguration section */

/* Begin XCConfigurationList section */
		D5190791244BFC290054B8AD /* Build configuration list for PBXProject "ExampleContainerView" */ = {
			isa = XCConfigurationList;
			buildConfigurations = (
				D51907A8244BFC2E0054B8AD /* Debug */,
				D51907A9244BFC2E0054B8AD /* Release */,
			);
			defaultConfigurationIsVisible = 0;
			defaultConfigurationName = Release;
		};
		D51907AA244BFC2E0054B8AD /* Build configuration list for PBXNativeTarget "ExampleContainerView" */ = {
			isa = XCConfigurationList;
			buildConfigurations = (
				D51907AB244BFC2E0054B8AD /* Debug */,
				D51907AC244BFC2E0054B8AD /* Release */,
			);
			defaultConfigurationIsVisible = 0;
			defaultConfigurationName = Release;
		};
/* End XCConfigurationList section */
	};
	rootObject = D519078E244BFC290054B8AD /* Project object */;
}
